
Microsoft Visual Studio Solution File, Format Version 12.00
# Visual Studio 15
VisualStudioVersion = 15.0.27130.2010
MinimumVisualStudioVersion = 10.0.40219.1
Project("{FAE04EC0-301F-11D3-BF4B-00C04F79EFBC}") = "Image and Text Database Application", "Image and Text Database Application\Image and Text Database Application.csproj", "{3D96F75D-70BE-41B1-B92D-71C285EF939B}"
EndProject
Global
	GlobalSection(SolutionConfigurationPlatforms) = preSolution
		Debug|Any CPU = Debug|Any CPU
		Release|Any CPU = Release|Any CPU
	EndGlobalSection
	GlobalSection(ProjectConfigurationPlatforms) = postSolution
		{3D96F75D-70BE-41B1-B92D-71C285EF939B}.Debug|Any CPU.ActiveCfg = Debug|Any CPU
		{3D96F75D-70BE-41B1-B92D-71C285EF939B}.Debug|Any CPU.Build.0 = Debug|Any CPU
		{3D96F75D-70BE-41B1-B92D-71C285EF939B}.Release|Any CPU.ActiveCfg = Release|Any CPU
		{3D96F75D-70BE-41B1-B92D-71C285EF939B}.Release|Any CPU.Build.0 = Release|Any CPU
	EndGlobalSection
	GlobalSection(SolutionProperties) = preSolution
		HideSolutionNode = FALSE
	EndGlobalSection
	GlobalSection(ExtensibilityGlobals) = postSolution
		SolutionGuid = {937A8A82-1997-4DAA-A6DC-79839C66ECE2}
	EndGlobalSection
EndGlobal
